
Microsoft Visual Studio Solution File, Format Version 12.00
# Visual Studio Version 17
VisualStudioVersion = 17.13.35806.99 d17.13
MinimumVisualStudioVersion = 10.0.40219.1
Project("{FAE04EC0-301F-11D3-BF4B-00C04F79EFBC}") = "TDSPK.API", "TDSPK.API\TDSPK.API.csproj", "{EB223CDD-9197-4AA0-B292-1301FE00851B}"
EndProject
Global
	GlobalSection(SolutionConfigurationPlatforms) = preSolution
		Debug|Any CPU = Debug|Any CPU
		Release|Any CPU = Release|Any CPU
	EndGlobalSection
	GlobalSection(ProjectConfigurationPlatforms) = postSolution
		{EB223CDD-9197-4AA0-B292-1301FE00851B}.Debug|Any CPU.ActiveCfg = Debug|Any CPU
		{EB223CDD-9197-4AA0-B292-1301FE00851B}.Debug|Any CPU.Build.0 = Debug|Any CPU
		{EB223CDD-9197-4AA0-B292-1301FE00851B}.Release|Any CPU.ActiveCfg = Release|Any CPU
		{EB223CDD-9197-4AA0-B292-1301FE00851B}.Release|Any CPU.Build.0 = Release|Any CPU
	EndGlobalSection
	GlobalSection(SolutionProperties) = preSolution
		HideSolutionNode = FALSE
	EndGlobalSection
	GlobalSection(ExtensibilityGlobals) = postSolution
		SolutionGuid = {01AE4455-F0A9-4BD0-9954-CD7C64B95181}
	EndGlobalSection
EndGlobal
